
Microsoft Visual Studio Solution File, Format Version 12.00
# Visual Studio 2013
VisualStudioVersion = 12.0.40629.0
MinimumVisualStudioVersion = 10.0.40219.1
Project("{FAE04EC0-301F-11D3-BF4B-00C04F79EFBC}") = "WorldAttractions", "WorldAttractions\WorldAttractions.csproj", "{433777F2-8BD7-4D08-B3EF-CFE40B61387A}"
EndProject
Project("{FAE04EC0-301F-11D3-BF4B-00C04F79EFBC}") = "WorldAttractions.DAL", "WorldAttractions.DAL\WorldAttractions.DAL.csproj", "{97975BE0-7DEB-4029-A8DF-A7339144438F}"
EndProject
Global
	GlobalSection(SolutionConfigurationPlatforms) = preSolution
		Debug|Any CPU = Debug|Any CPU
		Release|Any CPU = Release|Any CPU
	EndGlobalSection
	GlobalSection(ProjectConfigurationPlatforms) = postSolution
		{433777F2-8BD7-4D08-B3EF-CFE40B61387A}.Debug|Any CPU.ActiveCfg = Debug|Any CPU
		{433777F2-8BD7-4D08-B3EF-CFE40B61387A}.Debug|Any CPU.Build.0 = Debug|Any CPU
		{433777F2-8BD7-4D08-B3EF-CFE40B61387A}.Release|Any CPU.ActiveCfg = Release|Any CPU
		{433777F2-8BD7-4D08-B3EF-CFE40B61387A}.Release|Any CPU.Build.0 = Release|Any CPU
		{97975BE0-7DEB-4029-A8DF-A7339144438F}.Debug|Any CPU.ActiveCfg = Debug|Any CPU
		{97975BE0-7DEB-4029-A8DF-A7339144438F}.Debug|Any CPU.Build.0 = Debug|Any CPU
		{97975BE0-7DEB-4029-A8DF-A7339144438F}.Release|Any CPU.ActiveCfg = Release|Any CPU
		{97975BE0-7DEB-4029-A8DF-A7339144438F}.Release|Any CPU.Build.0 = Release|Any CPU
	EndGlobalSection
	GlobalSection(SolutionProperties) = preSolution
		HideSolutionNode = FALSE
	EndGlobalSection
EndGlobal
